
Microsoft Visual Studio Solution File, Format Version 12.00
# Visual Studio 15
VisualStudioVersion = 15.0.26730.3
MinimumVisualStudioVersion = 10.0.40219.1
Project("{FAE04EC0-301F-11D3-BF4B-00C04F79EFBC}") = "GDNC.Cef", "GDNC.Cef\GDNC.Cef.csproj", "{F150C1B5-5AC7-4F17-931C-109B115EDF04}"
EndProject
Global
	GlobalSection(SolutionConfigurationPlatforms) = preSolution
		Debug|Any CPU = Debug|Any CPU
		Release|Any CPU = Release|Any CPU
	EndGlobalSection
	GlobalSection(ProjectConfigurationPlatforms) = postSolution
		{F150C1B5-5AC7-4F17-931C-109B115EDF04}.Debug|Any CPU.ActiveCfg = Debug|Any CPU
		{F150C1B5-5AC7-4F17-931C-109B115EDF04}.Debug|Any CPU.Build.0 = Debug|Any CPU
		{F150C1B5-5AC7-4F17-931C-109B115EDF04}.Release|Any CPU.ActiveCfg = Release|Any CPU
		{F150C1B5-5AC7-4F17-931C-109B115EDF04}.Release|Any CPU.Build.0 = Release|Any CPU
	EndGlobalSection
	GlobalSection(SolutionProperties) = preSolution
		HideSolutionNode = FALSE
	EndGlobalSection
	GlobalSection(ExtensibilityGlobals) = postSolution
		SolutionGuid = {015A8EDB-9EC5-4FE9-87D1-25205D79219F}
	EndGlobalSection
EndGlobal
